
Microsoft Visual Studio Solution File, Format Version 12.00
# Visual Studio Version 16
VisualStudioVersion = 16.0.31410.357
MinimumVisualStudioVersion = 10.0.40219.1
Project("{FAE04EC0-301F-11D3-BF4B-00C04F79EFBC}") = "Search", "Search\Search.csproj", "{990910D3-C578-491E-A19C-CBF3E12E387B}"
EndProject
Project("{FAE04EC0-301F-11D3-BF4B-00C04F79EFBC}") = "DataModels", "DataModels\DataModels.csproj", "{740DD50F-CAC0-46A4-B5EC-0173AE7DF366}"
EndProject
Project("{FAE04EC0-301F-11D3-BF4B-00C04F79EFBC}") = "WebAPI", "WebAPI\WebAPI.csproj", "{1EB3768E-29F5-40CB-89BD-450A087DD776}"
EndProject
Project("{FAE04EC0-301F-11D3-BF4B-00C04F79EFBC}") = "Data", "Data\Data.csproj", "{C2F7C81E-C4E8-4CDA-98B7-EB1EAFF0BE14}"
EndProject
Global
	GlobalSection(SolutionConfigurationPlatforms) = preSolution
		Debug|Any CPU = Debug|Any CPU
		Release|Any CPU = Release|Any CPU
	EndGlobalSection
	GlobalSection(ProjectConfigurationPlatforms) = postSolution
		{990910D3-C578-491E-A19C-CBF3E12E387B}.Debug|Any CPU.ActiveCfg = Debug|Any CPU
		{990910D3-C578-491E-A19C-CBF3E12E387B}.Debug|Any CPU.Build.0 = Debug|Any CPU
		{990910D3-C578-491E-A19C-CBF3E12E387B}.Release|Any CPU.ActiveCfg = Release|Any CPU
		{990910D3-C578-491E-A19C-CBF3E12E387B}.Release|Any CPU.Build.0 = Release|Any CPU
		{740DD50F-CAC0-46A4-B5EC-0173AE7DF366}.Debug|Any CPU.ActiveCfg = Debug|Any CPU
		{740DD50F-CAC0-46A4-B5EC-0173AE7DF366}.Debug|Any CPU.Build.0 = Debug|Any CPU
		{740DD50F-CAC0-46A4-B5EC-0173AE7DF366}.Release|Any CPU.ActiveCfg = Release|Any CPU
		{740DD50F-CAC0-46A4-B5EC-0173AE7DF366}.Release|Any CPU.Build.0 = Release|Any CPU
		{1EB3768E-29F5-40CB-89BD-450A087DD776}.Debug|Any CPU.ActiveCfg = Debug|Any CPU
		{1EB3768E-29F5-40CB-89BD-450A087DD776}.Debug|Any CPU.Build.0 = Debug|Any CPU
		{1EB3768E-29F5-40CB-89BD-450A087DD776}.Release|Any CPU.ActiveCfg = Release|Any CPU
		{1EB3768E-29F5-40CB-89BD-450A087DD776}.Release|Any CPU.Build.0 = Release|Any CPU
		{C2F7C81E-C4E8-4CDA-98B7-EB1EAFF0BE14}.Debug|Any CPU.ActiveCfg = Debug|Any CPU
		{C2F7C81E-C4E8-4CDA-98B7-EB1EAFF0BE14}.Debug|Any CPU.Build.0 = Debug|Any CPU
		{C2F7C81E-C4E8-4CDA-98B7-EB1EAFF0BE14}.Release|Any CPU.ActiveCfg = Release|Any CPU
		{C2F7C81E-C4E8-4CDA-98B7-EB1EAFF0BE14}.Release|Any CPU.Build.0 = Release|Any CPU
	EndGlobalSection
	GlobalSection(SolutionProperties) = preSolution
		HideSolutionNode = FALSE
	EndGlobalSection
	GlobalSection(ExtensibilityGlobals) = postSolution
		SolutionGuid = {C114DFF9-D958-4773-B78D-823380C5A77F}
	EndGlobalSection
EndGlobal
